
Microsoft Visual Studio Solution File, Format Version 12.00
# Visual Studio 15
VisualStudioVersion = 15.0.27703.2047
MinimumVisualStudioVersion = 10.0.40219.1
Project("{FAE04EC0-301F-11D3-BF4B-00C04F79EFBC}") = "CalcOfQuantityPPI", "CalcOfQuantityPPI\CalcOfQuantityPPI.csproj", "{DA0E0DC5-62DB-49F6-B3D3-284AE3BFB22A}"
EndProject
Global
	GlobalSection(SolutionConfigurationPlatforms) = preSolution
		Debug|Any CPU = Debug|Any CPU
		Release|Any CPU = Release|Any CPU
	EndGlobalSection
	GlobalSection(ProjectConfigurationPlatforms) = postSolution
		{DA0E0DC5-62DB-49F6-B3D3-284AE3BFB22A}.Debug|Any CPU.ActiveCfg = Debug|Any CPU
		{DA0E0DC5-62DB-49F6-B3D3-284AE3BFB22A}.Debug|Any CPU.Build.0 = Debug|Any CPU
		{DA0E0DC5-62DB-49F6-B3D3-284AE3BFB22A}.Release|Any CPU.ActiveCfg = Release|Any CPU
		{DA0E0DC5-62DB-49F6-B3D3-284AE3BFB22A}.Release|Any CPU.Build.0 = Release|Any CPU
	EndGlobalSection
	GlobalSection(SolutionProperties) = preSolution
		HideSolutionNode = FALSE
	EndGlobalSection
	GlobalSection(ExtensibilityGlobals) = postSolution
		SolutionGuid = {567289DE-AEE8-458F-88FD-7A4B31125747}
	EndGlobalSection
EndGlobal
